// !$*UTF8*$!
{
	archiveVersion = 1;
	classes = {
	};
	objectVersion = 46;
	objects = {

/* Begin PBXBuildFile section */
		E2F5E94D1CA71D9C007E2DB5 /* main.cpp in Sources */ = {isa = PBXBuildFile; fileRef = E2F5E94C1CA71D9C007E2DB5 /* main.cpp */; };
/* End PBXBuildFile section */

/* Begin PBXCopyFilesBuildPhase section */
		E2F5E9471CA71D9C007E2DB5 /* CopyFiles */ = {
			isa = PBXCopyFilesBuildPhase;
			buildActionMask = 2147483647;
			dstPath = /usr/share/man/man1/;
			dstSubfolderSpec = 0;
			files = (
			);
			runOnlyForDeploymentPostprocessing = 1;
		};
/* End PBXCopyFilesBuildPhase section */

/* Begin PBXFileReference section */
		E2F5E9491CA71D9C007E2DB5 /* GaussianEliminator */ = {isa = PBXFileReference; explicitFileType = "compiled.mach-o.executable"; includeInIndex = 0; path = GaussianEliminator; sourceTree = BUILT_PRODUCTS_DIR; };
		E2F5E94C1CA71D9C007E2DB5 /* main.cpp */ = {isa = PBXFileReference; lastKnownFileType = sourcecode.cpp.cpp; path = main.cpp; sourceTree = "<group>"; };
/* End PBXFileReference section */

/* Begin PBXFrameworksBuildPhase section */
		E2F5E9461CA71D9C007E2DB5 /* Frameworks */ = {
			isa = PBXFrameworksBuildPhase;
			buildActionMask = 2147483647;
			files = (
			);
			runOnlyForDeploymentPostprocessing = 0;
		};
/* End PBXFrameworksBuildPhase section */

/* Begin PBXGroup section */
		E2F5E9401CA71D9C007E2DB5 = {
			isa = PBXGroup;
			children = (
				E2F5E94B1CA71D9C007E2DB5 /* GaussianEliminator */,
				E2F5E94A1CA71D9C007E2DB5 /* Products */,
			);
			sourceTree = "<group>";
		};
		E2F5E94A1CA71D9C007E2DB5 /* Products */ = {
			isa = PBXGroup;
			children = (
				E2F5E9491CA71D9C007E2DB5 /* GaussianEliminator */,
			);
			name = Products;
			sourceTree = "<group>";
		};
		E2F5E94B1CA71D9C007E2DB5 /* GaussianEliminator */ = {
			isa = PBXGroup;
			children = (
				E2F5E94C1CA71D9C007E2DB5 /* main.cpp */,
			);
			path = GaussianEliminator;
			sourceTree = "<group>";
		};
/* End PBXGroup section */

/* Begin PBXNativeTarget section */
		E2F5E9481CA71D9C007E2DB5 /* GaussianEliminator */ = {
			isa = PBXNativeTarget;
			buildConfigurationList = E2F5E9501CA71D9C007E2DB5 /* Build configuration list for PBXNativeTarget "GaussianEliminator" */;
			buildPhases = (
				E2F5E9451CA71D9C007E2DB5 /* Sources */,
				E2F5E9461CA71D9C007E2DB5 /* Frameworks */,
				E2F5E9471CA71D9C007E2DB5 /* CopyFiles */,
			);
			buildRules = (
			);
			dependencies = (
			);
			name = GaussianEliminator;
			productName = GaussianEliminator;
			productReference = E2F5E9491CA71D9C007E2DB5 /* GaussianEliminator */;
			productType = "com.apple.product-type.tool";
		};
/* End PBXNativeTarget section */

/* Begin PBXProject section */
		E2F5E9411CA71D9C007E2DB5 /* Project object */ = {
			isa = PBXProject;
			attributes = {
				LastUpgradeCheck = 0730;
				ORGANIZATIONNAME = SoulAlchemist;
				TargetAttributes = {
					E2F5E9481CA71D9C007E2DB5 = {
						CreatedOnToolsVersion = 7.3;
					};
				};
			};
			buildConfigurationList = E2F5E9441CA71D9C007E2DB5 /* Build configuration list for PBXProject "GaussianEliminator" */;
			compatibilityVersion = "Xcode 3.2";
			developmentRegion = English;
			hasScannedForEncodings = 0;
			knownRegions = (
				en,
			);
			mainGroup = E2F5E9401CA71D9C007E2DB5;
			productRefGroup = E2F5E94A1CA71D9C007E2DB5 /* Products */;
			projectDirPath = "";
			projectRoot = "";
			targets = (
				E2F5E9481CA71D9C007E2DB5 /* GaussianEliminator */,
			);
		};
/* End PBXProject section */

/* Begin PBXSourcesBuildPhase section */
		E2F5E9451CA71D9C007E2DB5 /* Sources */ = {
			isa = PBXSourcesBuildPhase;
			buildActionMask = 2147483647;
			files = (
				E2F5E94D1CA71D9C007E2DB5 /* main.cpp in Sources */,
			);
			runOnlyForDeploymentPostprocessing = 0;
		};
/* End PBXSourcesBuildPhase section */

/* Begin XCBuildConfiguration section */
		E2F5E94E1CA71D9C007E2DB5 /* Debug */ = {
			isa = XCBuildConfiguration;
			buildSettings = {
				ALWAYS_SEARCH_USER_PATHS = NO;
				CLANG_ANALYZER_NONNULL = YES;
				CLANG_CXX_LANGUAGE_STANDARD = "gnu++0x";
				CLANG_CXX_LIBRARY = "libc++";
				CLANG_ENABLE_MODULES = YES;
				CLANG_ENABLE_OBJC_ARC = YES;
				CLANG_WARN_BOOL_CONVERSION = YES;
				CLANG_WARN_CONSTANT_CONVERSION = YES;
				CLANG_WARN_DIRECT_OBJC_ISA_USAGE = YES_ERROR;
				CLANG_WARN_EMPTY_BODY = YES;
				CLANG_WARN_ENUM_CONVERSION = YES;
				CLANG_WARN_INT_CONVERSION = YES;
				CLANG_WARN_OBJC_ROOT_CLASS = YES_ERROR;
				CLANG_WARN_UNREACHABLE_CODE = YES;
				CLANG_WARN__DUPLICATE_METHOD_MATCH = YES;
				CODE_SIGN_IDENTITY = "-";
				COPY_PHASE_STRIP = NO;
				DEBUG_INFORMATION_FORMAT = dwarf;
				ENABLE_STRICT_OBJC_MSGSEND = YES;
				ENABLE_TESTABILITY = YES;
				GCC_C_LANGUAGE_STANDARD = gnu99;
				GCC_DYNAMIC_NO_PIC = NO;
				GCC_NO_COMMON_BLOCKS = YES;
				GCC_OPTIMIZATION_LEVEL = 0;
				GCC_PREPROCESSOR_DEFINITIONS = (
					"DEBUG=1",
					"$(inherited)",
				);
				GCC_WARN_64_TO_32_BIT_CONVERSION = YES;
				GCC_WARN_ABOUT_RETURN_TYPE = YES_ERROR;
				GCC_WARN_UNDECLARED_SELECTOR = YES;
				GCC_WARN_UNINITIALIZED_AUTOS = YES_AGGRESSIVE;
				GCC_WARN_UNUSED_FUNCTION = YES;
				GCC_WARN_UNUSED_VARIABLE = YES;
				MACOSX_DEPLOYMENT_TARGET = 10.11;
				MTL_ENABLE_DEBUG_INFO = YES;
				ONLY_ACTIVE_ARCH = YES;
				SDKROOT = macosx;
			};
			name = Debug;
		};
		E2F5E94F1CA71D9C007E2DB5 /* Release */ = {
			isa = XCBuildConfiguration;
			buildSettings = {
				ALWAYS_SEARCH_USER_PATHS = NO;
				CLANG_ANALYZER_NONNULL = YES;
				CLANG_CXX_LANGUAGE_STANDARD = "gnu++0x";
				CLANG_CXX_LIBRARY = "libc++";
				CLANG_ENABLE_MODULES = YES;
				CLANG_ENABLE_OBJC_ARC = YES;
				CLANG_WARN_BOOL_CONVERSION = YES;
				CLANG_WARN_CONSTANT_CONVERSION = YES;
				CLANG_WARN_DIRECT_OBJC_ISA_USAGE = YES_ERROR;
				CLANG_WARN_EMPTY_BODY = YES;
				CLANG_WARN_ENUM_CONVERSION = YES;
				CLANG_WARN_INT_CONVERSION = YES;
				CLANG_WARN_OBJC_ROOT_CLASS = YES_ERROR;
				CLANG_WARN_UNREACHABLE_CODE = YES;
				CLANG_WARN__DUPLICATE_METHOD_MATCH = YES;
				CODE_SIGN_IDENTITY = "-";
				COPY_PHASE_STRIP = NO;
				DEBUG_INFORMATION_FORMAT = "dwarf-with-dsym";
				ENABLE_NS_ASSERTIONS = NO;
				ENABLE_STRICT_OBJC_MSGSEND = YES;
				GCC_C_LANGUAGE_STANDARD = gnu99;
				GCC_NO_COMMON_BLOCKS = YES;
				GCC_WARN_64_TO_32_BIT_CONVERSION = YES;
				GCC_WARN_ABOUT_RETURN_TYPE = YES_ERROR;
				GCC_WARN_UNDECLARED_SELECTOR = YES;
				GCC_WARN_UNINITIALIZED_AUTOS = YES_AGGRESSIVE;
				GCC_WARN_UNUSED_FUNCTION = YES;
				GCC_WARN_UNUSED_VARIABLE = YES;
				MACOSX_DEPLOYMENT_TARGET = 10.11;
				MTL_ENABLE_DEBUG_INFO = NO;
				SDKROOT = macosx;
			};
			name = Release;
		};
		E2F5E9511CA71D9C007E2DB5 /* Debug */ = {
			isa = XCBuildConfiguration;
			buildSettings = {
				PRODUCT_NAME = "$(TARGET_NAME)";
			};
			name = Debug;
		};
		E2F5E9521CA71D9C007E2DB5 /* Release */ = {
			isa = XCBuildConfiguration;
			buildSettings = {
				PRODUCT_NAME = "$(TARGET_NAME)";
			};
			name = Release;
		};
/* End XCBuildConfiguration section */

/* Begin XCConfigurationList section */
		E2F5E9441CA71D9C007E2DB5 /* Build configuration list for PBXProject "GaussianEliminator" */ = {
			isa = XCConfigurationList;
			buildConfigurations = (
				E2F5E94E1CA71D9C007E2DB5 /* Debug */,
				E2F5E94F1CA71D9C007E2DB5 /* Release */,
			);
			defaultConfigurationIsVisible = 0;
			defaultConfigurationName = Release;
		};
		E2F5E9501CA71D9C007E2DB5 /* Build configuration list for PBXNativeTarget "GaussianEliminator" */ = {
			isa = XCConfigurationList;
			buildConfigurations = (
				E2F5E9511CA71D9C007E2DB5 /* Debug */,
				E2F5E9521CA71D9C007E2DB5 /* Release */,
			);
			defaultConfigurationIsVisible = 0;
		};
/* End XCConfigurationList section */
	};
	rootObject = E2F5E9411CA71D9C007E2DB5 /* Project object */;
}
